
Microsoft Visual Studio Solution File, Format Version 12.00
# Visual Studio 15
VisualStudioVersion = 15.0.27130.2036
MinimumVisualStudioVersion = 10.0.40219.1
Project("{9A19103F-16F7-4668-BE54-9A1E7A4F7556}") = "DetectionApp", "DetectionApp\DetectionApp.csproj", "{843B4B1F-E664-4C67-B4C5-3F79D52C0C59}"
EndProject
Project("{FAE04EC0-301F-11D3-BF4B-00C04F79EFBC}") = "UploadImages", "UploadImages\UploadImages.csproj", "{A7110625-77CF-45DD-920F-F35E8A4740BB}"
EndProject
Global
	GlobalSection(SolutionConfigurationPlatforms) = preSolution
		custombuild|Any CPU = custombuild|Any CPU
		Debug|Any CPU = Debug|Any CPU
		Release|Any CPU = Release|Any CPU
	EndGlobalSection
	GlobalSection(ProjectConfigurationPlatforms) = postSolution
		{843B4B1F-E664-4C67-B4C5-3F79D52C0C59}.custombuild|Any CPU.ActiveCfg = custombuild|Any CPU
		{843B4B1F-E664-4C67-B4C5-3F79D52C0C59}.custombuild|Any CPU.Build.0 = custombuild|Any CPU
		{843B4B1F-E664-4C67-B4C5-3F79D52C0C59}.Debug|Any CPU.ActiveCfg = Debug|Any CPU
		{843B4B1F-E664-4C67-B4C5-3F79D52C0C59}.Debug|Any CPU.Build.0 = Debug|Any CPU
		{843B4B1F-E664-4C67-B4C5-3F79D52C0C59}.Release|Any CPU.ActiveCfg = Release|Any CPU
		{843B4B1F-E664-4C67-B4C5-3F79D52C0C59}.Release|Any CPU.Build.0 = Release|Any CPU
		{A7110625-77CF-45DD-920F-F35E8A4740BB}.custombuild|Any CPU.ActiveCfg = custombuild|Any CPU
		{A7110625-77CF-45DD-920F-F35E8A4740BB}.Debug|Any CPU.ActiveCfg = Debug|Any CPU
		{A7110625-77CF-45DD-920F-F35E8A4740BB}.Debug|Any CPU.Build.0 = Debug|Any CPU
		{A7110625-77CF-45DD-920F-F35E8A4740BB}.Release|Any CPU.ActiveCfg = Release|Any CPU
		{A7110625-77CF-45DD-920F-F35E8A4740BB}.Release|Any CPU.Build.0 = Release|Any CPU
	EndGlobalSection
	GlobalSection(SolutionProperties) = preSolution
		HideSolutionNode = FALSE
	EndGlobalSection
	GlobalSection(ExtensibilityGlobals) = postSolution
		SolutionGuid = {2AFC683F-2D3F-41F0-B7C1-AF230A9866AB}
	EndGlobalSection
EndGlobal
